{
  "sha": "accdce0bcf3acb8af780f95889665935599beec6",
  "sources": {
    "apt": {
      "locked_version": "1.7.0"
    },
    "build-essential": {
      "locked_version": "1.4.0"
    },
    "git": {
      "locked_version": "2.5.2"
    },
    "vim": {
      "locked_version": "1.0.2"
    },
    "ruby": {
      "locked_version": "0.9.2"
    },
    "dmg": {
      "locked_version": "1.1.0"
    },
    "yum": {
      "locked_version": "2.3.0"
    },
    "windows": {
      "locked_version": "1.10.0"
    },
    "chef_handler": {
      "locked_version": "1.1.4"
    },
    "runit": {
      "locked_version": "1.1.6"
    }
  }
}
